
Microsoft Visual Studio Solution File, Format Version 12.00
# Visual Studio Version 16
VisualStudioVersion = 16.0.29709.97
MinimumVisualStudioVersion = 10.0.40219.1
Project("{FAE04EC0-301F-11D3-BF4B-00C04F79EFBC}") = "RobotApp", "RobotApp\RobotApp.csproj", "{28E4CE66-267F-4AD0-B2BA-1BCA6DD304E1}"
EndProject
Project("{FAE04EC0-301F-11D3-BF4B-00C04F79EFBC}") = "RobotApp.Lib", "RobotApp.Lib\RobotApp.Lib.csproj", "{B0DAF72F-E7E1-463C-A192-801FC20DEB99}"
EndProject
Project("{FAE04EC0-301F-11D3-BF4B-00C04F79EFBC}") = "RobotApp.UnitTest", "RobotApp.UnitTest\RobotApp.UnitTest.csproj", "{6FB1B609-1679-45CF-9D41-FB63F4BC418A}"
EndProject
Global
	GlobalSection(SolutionConfigurationPlatforms) = preSolution
		Debug|Any CPU = Debug|Any CPU
		Release|Any CPU = Release|Any CPU
	EndGlobalSection
	GlobalSection(ProjectConfigurationPlatforms) = postSolution
		{28E4CE66-267F-4AD0-B2BA-1BCA6DD304E1}.Debug|Any CPU.ActiveCfg = Debug|Any CPU
		{28E4CE66-267F-4AD0-B2BA-1BCA6DD304E1}.Debug|Any CPU.Build.0 = Debug|Any CPU
		{28E4CE66-267F-4AD0-B2BA-1BCA6DD304E1}.Release|Any CPU.ActiveCfg = Release|Any CPU
		{28E4CE66-267F-4AD0-B2BA-1BCA6DD304E1}.Release|Any CPU.Build.0 = Release|Any CPU
		{B0DAF72F-E7E1-463C-A192-801FC20DEB99}.Debug|Any CPU.ActiveCfg = Debug|Any CPU
		{B0DAF72F-E7E1-463C-A192-801FC20DEB99}.Debug|Any CPU.Build.0 = Debug|Any CPU
		{B0DAF72F-E7E1-463C-A192-801FC20DEB99}.Release|Any CPU.ActiveCfg = Release|Any CPU
		{B0DAF72F-E7E1-463C-A192-801FC20DEB99}.Release|Any CPU.Build.0 = Release|Any CPU
		{6FB1B609-1679-45CF-9D41-FB63F4BC418A}.Debug|Any CPU.ActiveCfg = Debug|Any CPU
		{6FB1B609-1679-45CF-9D41-FB63F4BC418A}.Debug|Any CPU.Build.0 = Debug|Any CPU
		{6FB1B609-1679-45CF-9D41-FB63F4BC418A}.Release|Any CPU.ActiveCfg = Release|Any CPU
		{6FB1B609-1679-45CF-9D41-FB63F4BC418A}.Release|Any CPU.Build.0 = Release|Any CPU
	EndGlobalSection
	GlobalSection(SolutionProperties) = preSolution
		HideSolutionNode = FALSE
	EndGlobalSection
	GlobalSection(ExtensibilityGlobals) = postSolution
		SolutionGuid = {0CB3AC6B-4C56-4A35-979B-8253F6410E7C}
	EndGlobalSection
EndGlobal
